{
	"name": "WebWallet",
	"requires": true,
	"lockfileVersion": 1,
	"dependencies": {
		"accepts": {
			"version": "1.3.3",
			"resolved": "https://registry.npmjs.org/accepts/-/accepts-1.3.3.tgz",
			"integrity": "sha1-w8p0NJOGSMPg2cHjKN1otiLChMo=",
			"requires": {
				"mime-types": "~2.1.11",
				"negotiator": "0.6.1"
			}
		},
		"array-flatten": {
			"version": "1.1.1",
			"resolved": "https://registry.npmjs.org/array-flatten/-/array-flatten-1.1.1.tgz",
			"integrity": "sha1-ml9pkFGx5wczKPKgCJaLZOopVdI="
		},
		"async": {
			"version": "2.6.0",
			"resolved": "http://registry.npm.taobao.org/async/download/async-2.6.0.tgz",
			"integrity": "sha1-YaKau2/MAm/qd+VtHG7FOnlZUfQ=",
			"requires": {
				"lodash": "^4.14.0"
			}
		},
		"base-x": {
			"version": "3.0.5",
			"resolved": "http://r.cnpmjs.org/base-x/download/base-x-3.0.5.tgz",
			"integrity": "sha1-062lmv7QW5IatYHsMRLmREugeVo=",
			"requires": {
				"safe-buffer": "^5.0.1"
			}
		},
		"base64-js": {
			"version": "1.3.0",
			"resolved": "http://r.cnpmjs.org/base64-js/download/base64-js-1.3.0.tgz",
			"integrity": "sha1-yrHmEY8FEJXli1KBrqjBzSK/wOM="
		},
		"bignumber.js": {
			"version": "git+https://github.com/debris/bignumber.js.git#94d7146671b9719e00a09c29b01a691bc85048c2",
			"from": "git+https://github.com/debris/bignumber.js.git#master"
		},
		"bindings": {
			"version": "1.3.0",
			"resolved": "http://r.cnpmjs.org/bindings/download/bindings-1.3.0.tgz",
			"integrity": "sha1-s0b27PapX1qBXFg5/HzbIlAvHtc="
		},
		"bip66": {
			"version": "1.1.5",
			"resolved": "http://r.cnpmjs.org/bip66/download/bip66-1.1.5.tgz",
			"integrity": "sha1-AfqHSHhcpwlV1QESF9GzE5lpyiI=",
			"requires": {
				"safe-buffer": "^5.0.1"
			}
		},
		"bitcore-lib": {
			"version": "0.15.0",
			"resolved": "http://r.cnpmjs.org/bitcore-lib/download/bitcore-lib-0.15.0.tgz",
			"integrity": "sha1-+SS+E4afKqt+BK7sVkKtM1m2zsI=",
			"requires": {
				"bn.js": "=4.11.8",
				"bs58": "=4.0.1",
				"buffer-compare": "=1.1.1",
				"elliptic": "=6.4.0",
				"inherits": "=2.0.1",
				"lodash": "=4.17.4"
			},
			"dependencies": {
				"elliptic": {
					"version": "6.4.0",
					"resolved": "http://r.cnpmjs.org/elliptic/download/elliptic-6.4.0.tgz",
					"integrity": "sha1-ysmvh2LIWDYYcAPI3+GT5eLq5d8=",
					"requires": {
						"bn.js": "^4.4.0",
						"brorand": "^1.0.1",
						"hash.js": "^1.0.0",
						"hmac-drbg": "^1.0.0",
						"inherits": "^2.0.1",
						"minimalistic-assert": "^1.0.0",
						"minimalistic-crypto-utils": "^1.0.0"
					}
				},
				"inherits": {
					"version": "2.0.1",
					"resolved": "http://r.cnpmjs.org/inherits/download/inherits-2.0.1.tgz",
					"integrity": "sha1-sX0I0ya0Qj5Wjv9xn5GwscvfafE="
				},
				"lodash": {
					"version": "4.17.4",
					"resolved": "http://r.cnpmjs.org/lodash/download/lodash-4.17.4.tgz",
					"integrity": "sha1-eCA6TRwyiuHYbcpkYONptX9AVa4="
				}
			}
		},
		"bitcore-mnemonic": {
			"version": "1.5.0",
			"resolved": "http://r.cnpmjs.org/bitcore-mnemonic/download/bitcore-mnemonic-1.5.0.tgz",
			"integrity": "sha1-x+eFvra/BhbtSZJ4XcNlhnBCWjk=",
			"requires": {
				"bitcore-lib": "^0.15.0",
				"unorm": "^1.3.3"
			}
		},
		"bluebird": {
			"version": "3.5.0",
			"resolved": "http://registry.npm.taobao.org/bluebird/download/bluebird-3.5.0.tgz",
			"integrity": "sha1-eRQg1/VR7qKJdFOop3ZT+WYG1nw="
		},
		"bn.js": {
			"version": "4.11.8",
			"resolved": "http://r.cnpmjs.org/bn.js/download/bn.js-4.11.8.tgz",
			"integrity": "sha1-LN4J617jQfSEdGuwMJsyU7GxRC8="
		},
		"body-parser": {
			"version": "1.18.3",
			"resolved": "http://registry.npm.taobao.org/body-parser/download/body-parser-1.18.3.tgz",
			"integrity": "sha1-WykhmP/dVTs6DyDe0FkrlWlVyLQ=",
			"requires": {
				"bytes": "3.0.0",
				"content-type": "~1.0.4",
				"debug": "2.6.9",
				"depd": "~1.1.2",
				"http-errors": "~1.6.3",
				"iconv-lite": "0.4.23",
				"on-finished": "~2.3.0",
				"qs": "6.5.2",
				"raw-body": "2.3.3",
				"type-is": "~1.6.16"
			},
			"dependencies": {
				"content-type": {
					"version": "1.0.4",
					"resolved": "http://registry.npm.taobao.org/content-type/download/content-type-1.0.4.tgz",
					"integrity": "sha1-4TjMdeBAxyexlm/l5fjJruJW/js="
				},
				"debug": {
					"version": "2.6.9",
					"resolved": "http://registry.npm.taobao.org/debug/download/debug-2.6.9.tgz",
					"integrity": "sha1-XRKFFd8TT/Mn6QpMk/Tgd6U2NB8=",
					"requires": {
						"ms": "2.0.0"
					}
				},
				"depd": {
					"version": "1.1.2",
					"resolved": "http://registry.npm.taobao.org/depd/download/depd-1.1.2.tgz",
					"integrity": "sha1-m81S4UwJd2PnSbJ0xDRu0uVgtak="
				},
				"http-errors": {
					"version": "1.6.3",
					"resolved": "http://registry.npm.taobao.org/http-errors/download/http-errors-1.6.3.tgz",
					"integrity": "sha1-i1VoC7S+KDoLW/TqLjhYC+HZMg0=",
					"requires": {
						"depd": "~1.1.2",
						"inherits": "2.0.3",
						"setprototypeof": "1.1.0",
						"statuses": ">= 1.4.0 < 2"
					}
				},
				"mime-db": {
					"version": "1.37.0",
					"resolved": "http://registry.npm.taobao.org/mime-db/download/mime-db-1.37.0.tgz",
					"integrity": "sha1-C2oM5v2+lXbiXx8tL96IMNwK0Ng="
				},
				"mime-types": {
					"version": "2.1.21",
					"resolved": "http://registry.npm.taobao.org/mime-types/download/mime-types-2.1.21.tgz",
					"integrity": "sha1-KJlaoey3cHQv5q5+WPkYHHRLP5Y=",
					"requires": {
						"mime-db": "~1.37.0"
					}
				},
				"ms": {
					"version": "2.0.0",
					"resolved": "http://registry.npm.taobao.org/ms/download/ms-2.0.0.tgz",
					"integrity": "sha1-VgiurfwAvmwpAd9fmGF4jeDVl8g="
				},
				"qs": {
					"version": "6.5.2",
					"resolved": "http://registry.npm.taobao.org/qs/download/qs-6.5.2.tgz",
					"integrity": "sha1-yzroBuh0BERYTvFUzo7pjUA/PjY="
				},
				"setprototypeof": {
					"version": "1.1.0",
					"resolved": "http://registry.npm.taobao.org/setprototypeof/download/setprototypeof-1.1.0.tgz",
					"integrity": "sha1-0L2FU2iHtv58DYGMuWLZ2RxU5lY="
				},
				"statuses": {
					"version": "1.5.0",
					"resolved": "http://registry.npm.taobao.org/statuses/download/statuses-1.5.0.tgz",
					"integrity": "sha1-Fhx9rBd2Wf2YEfQ3cfqZOBR4Yow="
				},
				"type-is": {
					"version": "1.6.16",
					"resolved": "http://registry.npm.taobao.org/type-is/download/type-is-1.6.16.tgz",
					"integrity": "sha1-+JzjQVQcZysl7nrjxz3uOyvlAZQ=",
					"requires": {
						"media-typer": "0.3.0",
						"mime-types": "~2.1.18"
					}
				}
			}
		},
		"bootstrap": {
			"version": "4.1.3",
			"resolved": "http://registry.npm.taobao.org/bootstrap/download/bootstrap-4.1.3.tgz",
			"integrity": "sha1-DrNxryyESOjCEEEdDLgkpkCaEr4="
		},
		"brorand": {
			"version": "1.1.0",
			"resolved": "http://r.cnpmjs.org/brorand/download/brorand-1.1.0.tgz",
			"integrity": "sha1-EsJe/kCkXjwyPrhnWgoM5XsiNx8="
		},
		"browserify-aes": {
			"version": "1.2.0",
			"resolved": "http://r.cnpmjs.org/browserify-aes/download/browserify-aes-1.2.0.tgz",
			"integrity": "sha1-Mmc0ZC9APavDADIJhTu3CtQo70g=",
			"requires": {
				"buffer-xor": "^1.0.3",
				"cipher-base": "^1.0.0",
				"create-hash": "^1.1.0",
				"evp_bytestokey": "^1.0.3",
				"inherits": "^2.0.1",
				"safe-buffer": "^5.0.1"
			}
		},
		"bs58": {
			"version": "4.0.1",
			"resolved": "http://r.cnpmjs.org/bs58/download/bs58-4.0.1.tgz",
			"integrity": "sha1-vhYedsNU9veIrkBx9j806MTwpCo=",
			"requires": {
				"base-x": "^3.0.2"
			}
		},
		"bson": {
			"version": "1.0.9",
			"resolved": "http://registry.npm.taobao.org/bson/download/bson-1.0.9.tgz",
			"integrity": "sha1-EjGfgyOxJUc5t8a++NPomuBaL1c="
		},
		"buffer": {
			"version": "4.9.1",
			"resolved": "http://r.cnpmjs.org/buffer/download/buffer-4.9.1.tgz",
			"integrity": "sha1-bRu2AbB6TvztlwlBMgkwJ8lbwpg=",
			"requires": {
				"base64-js": "^1.0.2",
				"ieee754": "^1.1.4",
				"isarray": "^1.0.0"
			}
		},
		"buffer-compare": {
			"version": "1.1.1",
			"resolved": "http://r.cnpmjs.org/buffer-compare/download/buffer-compare-1.1.1.tgz",
			"integrity": "sha1-W+e+hTr4kZjR9N3AkNHWakiu9ZY="
		},
		"buffer-shims": {
			"version": "1.0.0",
			"resolved": "http://registry.npm.taobao.org/buffer-shims/download/buffer-shims-1.0.0.tgz",
			"integrity": "sha1-mXjOMXOIxkmth5MCjDR37wRKi1E="
		},
		"buffer-xor": {
			"version": "1.0.3",
			"resolved": "http://r.cnpmjs.org/buffer-xor/download/buffer-xor-1.0.3.tgz",
			"integrity": "sha1-JuYe0UIvtw3ULm42cp7VHYVf6Nk="
		},
		"bytes": {
			"version": "3.0.0",
			"resolved": "http://registry.npm.taobao.org/bytes/download/bytes-3.0.0.tgz",
			"integrity": "sha1-0ygVQE1olpn4Wk6k+odV3ROpYEg="
		},
		"cipher-base": {
			"version": "1.0.4",
			"resolved": "http://r.cnpmjs.org/cipher-base/download/cipher-base-1.0.4.tgz",
			"integrity": "sha1-h2Dk7MJy9MNjUy+SbYdKriwTl94=",
			"requires": {
				"inherits": "^2.0.1",
				"safe-buffer": "^5.0.1"
			}
		},
		"content-disposition": {
			"version": "0.5.1",
			"resolved": "https://registry.npmjs.org/content-disposition/-/content-disposition-0.5.1.tgz",
			"integrity": "sha1-h0dsamfI2qh+Muh2Ft+IO6f7Bxs="
		},
		"content-type": {
			"version": "1.0.2",
			"resolved": "https://registry.npmjs.org/content-type/-/content-type-1.0.2.tgz",
			"integrity": "sha1-t9ETrueo3Se9IRM8TcJSnfFyHu0="
		},
		"cookie": {
			"version": "0.3.1",
			"resolved": "https://registry.npmjs.org/cookie/-/cookie-0.3.1.tgz",
			"integrity": "sha1-5+Ch+e9DtMi6klxcWpboBtFoc7s="
		},
		"cookie-signature": {
			"version": "1.0.6",
			"resolved": "https://registry.npmjs.org/cookie-signature/-/cookie-signature-1.0.6.tgz",
			"integrity": "sha1-4wOogrNCzD7oylE6eZmXNNqzriw="
		},
		"core-util-is": {
			"version": "1.0.2",
			"resolved": "http://registry.npm.taobao.org/core-util-is/download/core-util-is-1.0.2.tgz",
			"integrity": "sha1-tf1UIgqivFq1eqtxQMlAdUUDwac="
		},
		"create-hash": {
			"version": "1.2.0",
			"resolved": "http://r.cnpmjs.org/create-hash/download/create-hash-1.2.0.tgz",
			"integrity": "sha1-iJB4rxGmN1a8+1m9IhmWvjqe8ZY=",
			"requires": {
				"cipher-base": "^1.0.1",
				"inherits": "^2.0.1",
				"md5.js": "^1.3.4",
				"ripemd160": "^2.0.1",
				"sha.js": "^2.4.0"
			}
		},
		"create-hmac": {
			"version": "1.1.7",
			"resolved": "http://r.cnpmjs.org/create-hmac/download/create-hmac-1.1.7.tgz",
			"integrity": "sha1-aRcMeLOrlXFHsriwRXLkfq0iQ/8=",
			"requires": {
				"cipher-base": "^1.0.3",
				"create-hash": "^1.1.0",
				"inherits": "^2.0.1",
				"ripemd160": "^2.0.0",
				"safe-buffer": "^5.0.1",
				"sha.js": "^2.4.8"
			}
		},
		"crypto-js": {
			"version": "3.1.8",
			"resolved": "https://registry.npmjs.org/crypto-js/-/crypto-js-3.1.8.tgz",
			"integrity": "sha1-cV8HC/YBTyrpkqmLOSkli3E/CNU="
		},
		"debug": {
			"version": "2.2.0",
			"resolved": "https://registry.npmjs.org/debug/-/debug-2.2.0.tgz",
			"integrity": "sha1-+HBX6ZWxofauaklgZkE3vFbwOdo=",
			"requires": {
				"ms": "0.7.1"
			}
		},
		"depd": {
			"version": "1.1.0",
			"resolved": "https://registry.npmjs.org/depd/-/depd-1.1.0.tgz",
			"integrity": "sha1-4b2Cxqq2ztlluXuIsX7T5SjKGMM="
		},
		"destroy": {
			"version": "1.0.4",
			"resolved": "https://registry.npmjs.org/destroy/-/destroy-1.0.4.tgz",
			"integrity": "sha1-l4hXRCxEdJ5CBmE+N5RiBYJqvYA="
		},
		"drbg.js": {
			"version": "1.0.1",
			"resolved": "http://r.cnpmjs.org/drbg.js/download/drbg.js-1.0.1.tgz",
			"integrity": "sha1-Pja2xCs3BDgjzbwzLVjzHiRFSAs=",
			"requires": {
				"browserify-aes": "^1.0.6",
				"create-hash": "^1.1.2",
				"create-hmac": "^1.1.4"
			}
		},
		"ee-first": {
			"version": "1.1.1",
			"resolved": "https://registry.npmjs.org/ee-first/-/ee-first-1.1.1.tgz",
			"integrity": "sha1-WQxhFWsK4vTwJVcyoViyZrxWsh0="
		},
		"elliptic": {
			"version": "3.1.0",
			"resolved": "http://r.cnpmjs.org/elliptic/download/elliptic-3.1.0.tgz",
			"integrity": "sha1-whaC73YnabVqdCAWCRBdoR1fYMw=",
			"requires": {
				"bn.js": "^2.0.3",
				"brorand": "^1.0.1",
				"hash.js": "^1.0.0",
				"inherits": "^2.0.1"
			},
			"dependencies": {
				"bn.js": {
					"version": "2.2.0",
					"resolved": "http://r.cnpmjs.org/bn.js/download/bn.js-2.2.0.tgz",
					"integrity": "sha1-EhYrwq5x/EClYmwzQ486h1zTdiU="
				}
			}
		},
		"encodeurl": {
			"version": "1.0.1",
			"resolved": "https://registry.npmjs.org/encodeurl/-/encodeurl-1.0.1.tgz",
			"integrity": "sha1-eePVhlU0aQn+bw9Fpd5oEDspTSA="
		},
		"es6-promise": {
			"version": "3.2.1",
			"resolved": "http://registry.npm.taobao.org/es6-promise/download/es6-promise-3.2.1.tgz",
			"integrity": "sha1-7FYjOGgDKQkgcXDDlEjiREndH8Q="
		},
		"escape-html": {
			"version": "1.0.3",
			"resolved": "https://registry.npmjs.org/escape-html/-/escape-html-1.0.3.tgz",
			"integrity": "sha1-Aljq5NPQwJdN4cFpGI7wBR0dGYg="
		},
		"etag": {
			"version": "1.7.0",
			"resolved": "https://registry.npmjs.org/etag/-/etag-1.7.0.tgz",
			"integrity": "sha1-A9MLX2fdbmMtKUXTDWZScxo01dg="
		},
		"eth-lightwallet": {
			"version": "3.0.1",
			"resolved": "http://r.cnpmjs.org/eth-lightwallet/download/eth-lightwallet-3.0.1.tgz",
			"integrity": "sha1-KXAikyqlaPTk6whzv/JX9eW3hwk=",
			"requires": {
				"bitcore-lib": "^0.15.0",
				"bitcore-mnemonic": "^1.5.0",
				"buffer": "^4.9.0",
				"crypto-js": "^3.1.5",
				"elliptic": "^3.1.0",
				"ethereumjs-tx": "^1.3.3",
				"ethereumjs-util": "^5.1.1",
				"rlp": "^2.0.0",
				"scrypt-async": "^1.2.0",
				"tweetnacl": "0.13.2",
				"web3": "0.20.2"
			},
			"dependencies": {
				"bignumber.js": {
					"version": "git+https://github.com/frozeman/bignumber.js-nolookahead.git#57692b3ecfc98bbdd6b3a516cb2353652ea49934",
					"from": "git+https://github.com/frozeman/bignumber.js-nolookahead.git"
				},
				"web3": {
					"version": "0.20.2",
					"resolved": "http://r.cnpmjs.org/web3/download/web3-0.20.2.tgz",
					"integrity": "sha1-xU2sX8DjdzmcBMGm7LsS5FEyeNY=",
					"requires": {
						"bignumber.js": "git+https://github.com/frozeman/bignumber.js-nolookahead.git#57692b3ecfc98bbdd6b3a516cb2353652ea49934",
						"crypto-js": "^3.1.4",
						"utf8": "^2.1.1",
						"xhr2": "*",
						"xmlhttprequest": "*"
					}
				}
			}
		},
		"ethereum-common": {
			"version": "0.0.18",
			"resolved": "http://r.cnpmjs.org/ethereum-common/download/ethereum-common-0.0.18.tgz",
			"integrity": "sha1-L9w1dvIykDNYl26znaeDIT/5Uj8="
		},
		"ethereumjs-tx": {
			"version": "1.3.7",
			"resolved": "http://r.cnpmjs.org/ethereumjs-tx/download/ethereumjs-tx-1.3.7.tgz",
			"integrity": "sha1-iDI6LYdbEFSbg0fgn0hitUbz2Jo=",
			"requires": {
				"ethereum-common": "^0.0.18",
				"ethereumjs-util": "^5.0.0"
			}
		},
		"ethereumjs-util": {
			"version": "5.2.0",
			"resolved": "http://r.cnpmjs.org/ethereumjs-util/download/ethereumjs-util-5.2.0.tgz",
			"integrity": "sha1-PgwNF0FHGs8QNgUtBIYj3uVK1kI=",
			"requires": {
				"bn.js": "^4.11.0",
				"create-hash": "^1.1.2",
				"ethjs-util": "^0.1.3",
				"keccak": "^1.0.2",
				"rlp": "^2.0.0",
				"safe-buffer": "^5.1.1",
				"secp256k1": "^3.0.1"
			}
		},
		"ethjs-util": {
			"version": "0.1.6",
			"resolved": "http://r.cnpmjs.org/ethjs-util/download/ethjs-util-0.1.6.tgz",
			"integrity": "sha1-8wi2Lxhfn+YjcTL7KpgYhmpc1TY=",
			"requires": {
				"is-hex-prefixed": "1.0.0",
				"strip-hex-prefix": "1.0.0"
			}
		},
		"evp_bytestokey": {
			"version": "1.0.3",
			"resolved": "http://r.cnpmjs.org/evp_bytestokey/download/evp_bytestokey-1.0.3.tgz",
			"integrity": "sha1-f8vbGY3HGVlDLv4ThCaE4FJaywI=",
			"requires": {
				"md5.js": "^1.3.4",
				"safe-buffer": "^5.1.1"
			}
		},
		"express": {
			"version": "4.14.0",
			"resolved": "https://registry.npmjs.org/express/-/express-4.14.0.tgz",
			"integrity": "sha1-we4/Qs3Ikfs9xlCoki1R7IR9DWY=",
			"requires": {
				"accepts": "~1.3.3",
				"array-flatten": "1.1.1",
				"content-disposition": "0.5.1",
				"content-type": "~1.0.2",
				"cookie": "0.3.1",
				"cookie-signature": "1.0.6",
				"debug": "~2.2.0",
				"depd": "~1.1.0",
				"encodeurl": "~1.0.1",
				"escape-html": "~1.0.3",
				"etag": "~1.7.0",
				"finalhandler": "0.5.0",
				"fresh": "0.3.0",
				"merge-descriptors": "1.0.1",
				"methods": "~1.1.2",
				"on-finished": "~2.3.0",
				"parseurl": "~1.3.1",
				"path-to-regexp": "0.1.7",
				"proxy-addr": "~1.1.2",
				"qs": "6.2.0",
				"range-parser": "~1.2.0",
				"send": "0.14.1",
				"serve-static": "~1.11.1",
				"type-is": "~1.6.13",
				"utils-merge": "1.0.0",
				"vary": "~1.1.0"
			}
		},
		"finalhandler": {
			"version": "0.5.0",
			"resolved": "https://registry.npmjs.org/finalhandler/-/finalhandler-0.5.0.tgz",
			"integrity": "sha1-6VCKvs6bbbqHGmlCodeRG5GRGsc=",
			"requires": {
				"debug": "~2.2.0",
				"escape-html": "~1.0.3",
				"on-finished": "~2.3.0",
				"statuses": "~1.3.0",
				"unpipe": "~1.0.0"
			}
		},
		"forwarded": {
			"version": "0.1.0",
			"resolved": "https://registry.npmjs.org/forwarded/-/forwarded-0.1.0.tgz",
			"integrity": "sha1-Ge+YdMSuHCl7zweP3mOgm2aoQ2M="
		},
		"fresh": {
			"version": "0.3.0",
			"resolved": "https://registry.npmjs.org/fresh/-/fresh-0.3.0.tgz",
			"integrity": "sha1-ZR+DjiJCTnVm3hYdg1jKoZn4PU8="
		},
		"hash-base": {
			"version": "3.0.4",
			"resolved": "http://r.cnpmjs.org/hash-base/download/hash-base-3.0.4.tgz",
			"integrity": "sha1-X8hoaEfs1zSZQDMZprCj8/auSRg=",
			"requires": {
				"inherits": "^2.0.1",
				"safe-buffer": "^5.0.1"
			}
		},
		"hash.js": {
			"version": "1.1.5",
			"resolved": "http://r.cnpmjs.org/hash.js/download/hash.js-1.1.5.tgz",
			"integrity": "sha1-44q0uF37HgxA/pJlwOm1SFTCOBI=",
			"requires": {
				"inherits": "^2.0.3",
				"minimalistic-assert": "^1.0.1"
			}
		},
		"hmac-drbg": {
			"version": "1.0.1",
			"resolved": "http://r.cnpmjs.org/hmac-drbg/download/hmac-drbg-1.0.1.tgz",
			"integrity": "sha1-0nRXAQJabHdabFRXk+1QL8DGSaE=",
			"requires": {
				"hash.js": "^1.0.3",
				"minimalistic-assert": "^1.0.0",
				"minimalistic-crypto-utils": "^1.0.1"
			}
		},
		"hooks-fixed": {
			"version": "2.0.2",
			"resolved": "http://registry.npm.taobao.org/hooks-fixed/download/hooks-fixed-2.0.2.tgz",
			"integrity": "sha1-IAdtqgfnfYphBog84/FyLgURQLA="
		},
		"http-errors": {
			"version": "1.5.1",
			"resolved": "https://registry.npmjs.org/http-errors/-/http-errors-1.5.1.tgz",
			"integrity": "sha1-eIwNLB3iyBuebowBhDtrl+uSB1A=",
			"requires": {
				"inherits": "2.0.3",
				"setprototypeof": "1.0.2",
				"statuses": ">= 1.3.1 < 2"
			}
		},
		"iconv-lite": {
			"version": "0.4.23",
			"resolved": "http://registry.npm.taobao.org/iconv-lite/download/iconv-lite-0.4.23.tgz",
			"integrity": "sha1-KXhx9jvlB63Pv8pxXQzQ7thOmmM=",
			"requires": {
				"safer-buffer": ">= 2.1.2 < 3"
			}
		},
		"ieee754": {
			"version": "1.1.12",
			"resolved": "http://r.cnpmjs.org/ieee754/download/ieee754-1.1.12.tgz",
			"integrity": "sha1-UL8k5bnIu5ivSWTJQc2wkY2ntgs="
		},
		"inherits": {
			"version": "2.0.3",
			"resolved": "https://registry.npmjs.org/inherits/-/inherits-2.0.3.tgz",
			"integrity": "sha1-Yzwsg+PaQqUC9SRmAiSA9CCCYd4="
		},
		"ipaddr.js": {
			"version": "1.1.1",
			"resolved": "https://registry.npmjs.org/ipaddr.js/-/ipaddr.js-1.1.1.tgz",
			"integrity": "sha1-x5HZX1KynBJH1d+AraObinNkcjA="
		},
		"is-hex-prefixed": {
			"version": "1.0.0",
			"resolved": "http://r.cnpmjs.org/is-hex-prefixed/download/is-hex-prefixed-1.0.0.tgz",
			"integrity": "sha1-fY035q135dEnFIkTxXPggtd39VQ="
		},
		"isarray": {
			"version": "1.0.0",
			"resolved": "http://registry.npm.taobao.org/isarray/download/isarray-1.0.0.tgz",
			"integrity": "sha1-u5NdSFgsuhaMBoNJV6VKPgcSTxE="
		},
		"kareem": {
			"version": "1.5.0",
			"resolved": "http://registry.npm.taobao.org/kareem/download/kareem-1.5.0.tgz",
			"integrity": "sha1-4+QQHZ3P3imXadr0tNtk2JXRdEg="
		},
		"keccak": {
			"version": "1.4.0",
			"resolved": "http://r.cnpmjs.org/keccak/download/keccak-1.4.0.tgz",
			"integrity": "sha1-Vy+Kbb7o57OqQhVQ+eZAjKIYb4A=",
			"requires": {
				"bindings": "^1.2.1",
				"inherits": "^2.0.3",
				"nan": "^2.2.1",
				"safe-buffer": "^5.1.0"
			}
		},
		"lodash": {
			"version": "4.17.11",
			"resolved": "http://registry.npm.taobao.org/lodash/download/lodash-4.17.11.tgz",
			"integrity": "sha1-s56mIp72B+zYniyN8SU2iRysm40="
		},
		"lodash.get": {
			"version": "4.4.2",
			"resolved": "http://registry.npm.taobao.org/lodash.get/download/lodash.get-4.4.2.tgz",
			"integrity": "sha1-LRd/ZS+jHpObRDjVNBSZ36OCXpk="
		},
		"md5.js": {
			"version": "1.3.5",
			"resolved": "http://r.cnpmjs.org/md5.js/download/md5.js-1.3.5.tgz",
			"integrity": "sha1-tdB7jjIW4+J81yjXL3DR5qNCAF8=",
			"requires": {
				"hash-base": "^3.0.0",
				"inherits": "^2.0.1",
				"safe-buffer": "^5.1.2"
			}
		},
		"media-typer": {
			"version": "0.3.0",
			"resolved": "https://registry.npmjs.org/media-typer/-/media-typer-0.3.0.tgz",
			"integrity": "sha1-hxDXrwqmJvj/+hzgAWhUUmMlV0g="
		},
		"merge-descriptors": {
			"version": "1.0.1",
			"resolved": "https://registry.npmjs.org/merge-descriptors/-/merge-descriptors-1.0.1.tgz",
			"integrity": "sha1-sAqqVW3YtEVoFQ7J0blT8/kMu2E="
		},
		"methods": {
			"version": "1.1.2",
			"resolved": "https://registry.npmjs.org/methods/-/methods-1.1.2.tgz",
			"integrity": "sha1-VSmk1nZUE07cxSZmVoNbD4Ua/O4="
		},
		"mime": {
			"version": "1.3.4",
			"resolved": "https://registry.npmjs.org/mime/-/mime-1.3.4.tgz",
			"integrity": "sha1-EV+eO2s9rylZmDyzjxSaLUDrXVM="
		},
		"mime-db": {
			"version": "1.25.0",
			"resolved": "https://registry.npmjs.org/mime-db/-/mime-db-1.25.0.tgz",
			"integrity": "sha1-wY29fHOl2/b0SgJNwNFloeexw5I="
		},
		"mime-types": {
			"version": "2.1.13",
			"resolved": "https://registry.npmjs.org/mime-types/-/mime-types-2.1.13.tgz",
			"integrity": "sha1-4HqqnGxrmnyjASxpADrSWjnpKog=",
			"requires": {
				"mime-db": "~1.25.0"
			}
		},
		"minimalistic-assert": {
			"version": "1.0.1",
			"resolved": "http://r.cnpmjs.org/minimalistic-assert/download/minimalistic-assert-1.0.1.tgz",
			"integrity": "sha1-LhlN4ERibUoQ5/f7wAznPoPk1cc="
		},
		"minimalistic-crypto-utils": {
			"version": "1.0.1",
			"resolved": "http://r.cnpmjs.org/minimalistic-crypto-utils/download/minimalistic-crypto-utils-1.0.1.tgz",
			"integrity": "sha1-9sAMHAsIIkblxNmd+4x8CDsrWCo="
		},
		"mongodb": {
			"version": "2.2.34",
			"resolved": "http://registry.npm.taobao.org/mongodb/download/mongodb-2.2.34.tgz",
			"integrity": "sha1-o09Zu+thdUrsQy3nLD/iFSakTBo=",
			"requires": {
				"es6-promise": "3.2.1",
				"mongodb-core": "2.1.18",
				"readable-stream": "2.2.7"
			}
		},
		"mongodb-core": {
			"version": "2.1.18",
			"resolved": "http://registry.npm.taobao.org/mongodb-core/download/mongodb-core-2.1.18.tgz",
			"integrity": "sha1-TEYTm986HwMt7ZHbSfOO7AFlkFA=",
			"requires": {
				"bson": "~1.0.4",
				"require_optional": "~1.0.0"
			}
		},
		"mongoose": {
			"version": "4.13.17",
			"resolved": "http://registry.npm.taobao.org/mongoose/download/mongoose-4.13.17.tgz",
			"integrity": "sha1-CvA5ax5a8Cft9ARRjGLMGU3n0Xo=",
			"requires": {
				"async": "2.6.0",
				"bson": "~1.0.4",
				"hooks-fixed": "2.0.2",
				"kareem": "1.5.0",
				"lodash.get": "4.4.2",
				"mongodb": "2.2.34",
				"mpath": "0.5.1",
				"mpromise": "0.5.5",
				"mquery": "2.3.3",
				"ms": "2.0.0",
				"muri": "1.3.0",
				"regexp-clone": "0.0.1",
				"sliced": "1.0.1"
			},
			"dependencies": {
				"ms": {
					"version": "2.0.0",
					"resolved": "http://registry.npm.taobao.org/ms/download/ms-2.0.0.tgz",
					"integrity": "sha1-VgiurfwAvmwpAd9fmGF4jeDVl8g="
				}
			}
		},
		"mpath": {
			"version": "0.5.1",
			"resolved": "http://registry.npm.taobao.org/mpath/download/mpath-0.5.1.tgz",
			"integrity": "sha1-FxMVAfH/nm5PvI/6h1qnBltXdas="
		},
		"mpromise": {
			"version": "0.5.5",
			"resolved": "http://registry.npm.taobao.org/mpromise/download/mpromise-0.5.5.tgz",
			"integrity": "sha1-9bJCWddjrMIlewoMjG2Gb9UXMuY="
		},
		"mquery": {
			"version": "2.3.3",
			"resolved": "http://registry.npm.taobao.org/mquery/download/mquery-2.3.3.tgz",
			"integrity": "sha1-IhQS5dTnKQylWC3RbqjxkKUGtRg=",
			"requires": {
				"bluebird": "3.5.0",
				"debug": "2.6.9",
				"regexp-clone": "0.0.1",
				"sliced": "0.0.5"
			},
			"dependencies": {
				"debug": {
					"version": "2.6.9",
					"resolved": "http://registry.npm.taobao.org/debug/download/debug-2.6.9.tgz",
					"integrity": "sha1-XRKFFd8TT/Mn6QpMk/Tgd6U2NB8=",
					"requires": {
						"ms": "2.0.0"
					}
				},
				"ms": {
					"version": "2.0.0",
					"resolved": "http://registry.npm.taobao.org/ms/download/ms-2.0.0.tgz",
					"integrity": "sha1-VgiurfwAvmwpAd9fmGF4jeDVl8g="
				},
				"sliced": {
					"version": "0.0.5",
					"resolved": "http://registry.npm.taobao.org/sliced/download/sliced-0.0.5.tgz",
					"integrity": "sha1-XtwETKTrb3gW1Qui/GPiXY/kcH8="
				}
			}
		},
		"ms": {
			"version": "0.7.1",
			"resolved": "https://registry.npmjs.org/ms/-/ms-0.7.1.tgz",
			"integrity": "sha1-nNE8A62/8ltl7/3nzoZO6VIBcJg="
		},
		"muri": {
			"version": "1.3.0",
			"resolved": "http://registry.npm.taobao.org/muri/download/muri-1.3.0.tgz",
			"integrity": "sha1-rszz22TFaqfFs04A+Vt4eFJ6RyE="
		},
		"nan": {
			"version": "2.11.1",
			"resolved": "http://r.cnpmjs.org/nan/download/nan-2.11.1.tgz",
			"integrity": "sha1-kOIrzLjKV+pM03zIPTgZtS7qZ2Y="
		},
		"negotiator": {
			"version": "0.6.1",
			"resolved": "https://registry.npmjs.org/negotiator/-/negotiator-0.6.1.tgz",
			"integrity": "sha1-KzJxhOiZIQEXeyhWP7XnECrNDKk="
		},
		"on-finished": {
			"version": "2.3.0",
			"resolved": "https://registry.npmjs.org/on-finished/-/on-finished-2.3.0.tgz",
			"integrity": "sha1-IPEzZIGwg811M3mSoWlxqi2QaUc=",
			"requires": {
				"ee-first": "1.1.1"
			}
		},
		"parseurl": {
			"version": "1.3.1",
			"resolved": "https://registry.npmjs.org/parseurl/-/parseurl-1.3.1.tgz",
			"integrity": "sha1-yKuMkiO6NIiKpkopeyiFO+wY2lY="
		},
		"path-to-regexp": {
			"version": "0.1.7",
			"resolved": "https://registry.npmjs.org/path-to-regexp/-/path-to-regexp-0.1.7.tgz",
			"integrity": "sha1-32BBeABfUi8V60SQ5yR6G/qmf4w="
		},
		"process-nextick-args": {
			"version": "1.0.7",
			"resolved": "http://registry.npm.taobao.org/process-nextick-args/download/process-nextick-args-1.0.7.tgz",
			"integrity": "sha1-FQ4gt1ZZCtP5EJPyWk8q2L/zC6M="
		},
		"proxy-addr": {
			"version": "1.1.2",
			"resolved": "https://registry.npmjs.org/proxy-addr/-/proxy-addr-1.1.2.tgz",
			"integrity": "sha1-tMxfImENlTWCTBI675089zxAujc=",
			"requires": {
				"forwarded": "~0.1.0",
				"ipaddr.js": "1.1.1"
			}
		},
		"qs": {
			"version": "6.2.0",
			"resolved": "https://registry.npmjs.org/qs/-/qs-6.2.0.tgz",
			"integrity": "sha1-O3hIwDwt7OaalSKw+ujEEm10Xzs="
		},
		"range-parser": {
			"version": "1.2.0",
			"resolved": "https://registry.npmjs.org/range-parser/-/range-parser-1.2.0.tgz",
			"integrity": "sha1-9JvmtIeJTdxA3MlKMi9hEJLgDV4="
		},
		"raw-body": {
			"version": "2.3.3",
			"resolved": "http://registry.npm.taobao.org/raw-body/download/raw-body-2.3.3.tgz",
			"integrity": "sha1-GzJOzmtXBuFThVvBFIxlu39uoMM=",
			"requires": {
				"bytes": "3.0.0",
				"http-errors": "1.6.3",
				"iconv-lite": "0.4.23",
				"unpipe": "1.0.0"
			},
			"dependencies": {
				"depd": {
					"version": "1.1.2",
					"resolved": "http://registry.npm.taobao.org/depd/download/depd-1.1.2.tgz",
					"integrity": "sha1-m81S4UwJd2PnSbJ0xDRu0uVgtak="
				},
				"http-errors": {
					"version": "1.6.3",
					"resolved": "http://registry.npm.taobao.org/http-errors/download/http-errors-1.6.3.tgz",
					"integrity": "sha1-i1VoC7S+KDoLW/TqLjhYC+HZMg0=",
					"requires": {
						"depd": "~1.1.2",
						"inherits": "2.0.3",
						"setprototypeof": "1.1.0",
						"statuses": ">= 1.4.0 < 2"
					}
				},
				"setprototypeof": {
					"version": "1.1.0",
					"resolved": "http://registry.npm.taobao.org/setprototypeof/download/setprototypeof-1.1.0.tgz",
					"integrity": "sha1-0L2FU2iHtv58DYGMuWLZ2RxU5lY="
				},
				"statuses": {
					"version": "1.5.0",
					"resolved": "http://registry.npm.taobao.org/statuses/download/statuses-1.5.0.tgz",
					"integrity": "sha1-Fhx9rBd2Wf2YEfQ3cfqZOBR4Yow="
				}
			}
		},
		"readable-stream": {
			"version": "2.2.7",
			"resolved": "http://registry.npm.taobao.org/readable-stream/download/readable-stream-2.2.7.tgz",
			"integrity": "sha1-BwV6y+JGeyIELTb5jFrVBwVOlbE=",
			"requires": {
				"buffer-shims": "~1.0.0",
				"core-util-is": "~1.0.0",
				"inherits": "~2.0.1",
				"isarray": "~1.0.0",
				"process-nextick-args": "~1.0.6",
				"string_decoder": "~1.0.0",
				"util-deprecate": "~1.0.1"
			}
		},
		"regexp-clone": {
			"version": "0.0.1",
			"resolved": "http://registry.npm.taobao.org/regexp-clone/download/regexp-clone-0.0.1.tgz",
			"integrity": "sha1-p8LgmJH9vzj7sQ03b7cwA+aKxYk="
		},
		"require_optional": {
			"version": "1.0.1",
			"resolved": "http://registry.npm.taobao.org/require_optional/download/require_optional-1.0.1.tgz",
			"integrity": "sha1-TPNaQkf2TKPfjC7yCMxJSxyo/C4=",
			"requires": {
				"resolve-from": "^2.0.0",
				"semver": "^5.1.0"
			}
		},
		"resolve-from": {
			"version": "2.0.0",
			"resolved": "http://registry.npm.taobao.org/resolve-from/download/resolve-from-2.0.0.tgz",
			"integrity": "sha1-lICrIOlP+h2egKgEx+oUdhGWa1c="
		},
		"ripemd160": {
			"version": "2.0.2",
			"resolved": "http://r.cnpmjs.org/ripemd160/download/ripemd160-2.0.2.tgz",
			"integrity": "sha1-ocGm9iR1FXe6XQeRTLyShQWFiQw=",
			"requires": {
				"hash-base": "^3.0.0",
				"inherits": "^2.0.1"
			}
		},
		"rlp": {
			"version": "2.1.0",
			"resolved": "http://r.cnpmjs.org/rlp/download/rlp-2.1.0.tgz",
			"integrity": "sha1-5PmIbVqYIXTzFFQ4MeNuGmWEYPk=",
			"requires": {
				"safe-buffer": "^5.1.1"
			}
		},
		"safe-buffer": {
			"version": "5.1.2",
			"resolved": "http://registry.npm.taobao.org/safe-buffer/download/safe-buffer-5.1.2.tgz",
			"integrity": "sha1-mR7GnSluAxN0fVm9/St0XDX4go0="
		},
		"safer-buffer": {
			"version": "2.1.2",
			"resolved": "http://registry.npm.taobao.org/safer-buffer/download/safer-buffer-2.1.2.tgz",
			"integrity": "sha1-RPoWGwGHuVSd2Eu5GAL5vYOFzWo="
		},
		"scrypt-async": {
			"version": "1.3.1",
			"resolved": "http://r.cnpmjs.org/scrypt-async/download/scrypt-async-1.3.1.tgz",
			"integrity": "sha1-oR/W+smBtLgj7gHe4CIRaVAN2uk="
		},
		"secp256k1": {
			"version": "3.5.2",
			"resolved": "http://r.cnpmjs.org/secp256k1/download/secp256k1-3.5.2.tgz",
			"integrity": "sha1-+V+VIFcxByIYT+nJFOa3EoHy8q4=",
			"requires": {
				"bindings": "^1.2.1",
				"bip66": "^1.1.3",
				"bn.js": "^4.11.3",
				"create-hash": "^1.1.2",
				"drbg.js": "^1.0.1",
				"elliptic": "^6.2.3",
				"nan": "^2.2.1",
				"safe-buffer": "^5.1.0"
			},
			"dependencies": {
				"elliptic": {
					"version": "6.4.1",
					"resolved": "http://r.cnpmjs.org/elliptic/download/elliptic-6.4.1.tgz",
					"integrity": "sha1-wtC3d2kRuGcixjLDwGxg8vgZk5o=",
					"requires": {
						"bn.js": "^4.4.0",
						"brorand": "^1.0.1",
						"hash.js": "^1.0.0",
						"hmac-drbg": "^1.0.0",
						"inherits": "^2.0.1",
						"minimalistic-assert": "^1.0.0",
						"minimalistic-crypto-utils": "^1.0.0"
					}
				}
			}
		},
		"semver": {
			"version": "5.6.0",
			"resolved": "http://registry.npm.taobao.org/semver/download/semver-5.6.0.tgz",
			"integrity": "sha1-fnQlb7qknHWqfHogXMInmcrIAAQ="
		},
		"send": {
			"version": "0.14.1",
			"resolved": "https://registry.npmjs.org/send/-/send-0.14.1.tgz",
			"integrity": "sha1-qVSYQyU5L1FTKndgdg5FlZjIn3o=",
			"requires": {
				"debug": "~2.2.0",
				"depd": "~1.1.0",
				"destroy": "~1.0.4",
				"encodeurl": "~1.0.1",
				"escape-html": "~1.0.3",
				"etag": "~1.7.0",
				"fresh": "0.3.0",
				"http-errors": "~1.5.0",
				"mime": "1.3.4",
				"ms": "0.7.1",
				"on-finished": "~2.3.0",
				"range-parser": "~1.2.0",
				"statuses": "~1.3.0"
			}
		},
		"serve-static": {
			"version": "1.11.1",
			"resolved": "https://registry.npmjs.org/serve-static/-/serve-static-1.11.1.tgz",
			"integrity": "sha1-1sznaTUF9zPHWd5Xvvwa92wPCAU=",
			"requires": {
				"encodeurl": "~1.0.1",
				"escape-html": "~1.0.3",
				"parseurl": "~1.3.1",
				"send": "0.14.1"
			}
		},
		"setprototypeof": {
			"version": "1.0.2",
			"resolved": "https://registry.npmjs.org/setprototypeof/-/setprototypeof-1.0.2.tgz",
			"integrity": "sha1-gaVSFB7BBLiOic44MQOtXGZWTQg="
		},
		"sha.js": {
			"version": "2.4.11",
			"resolved": "http://r.cnpmjs.org/sha.js/download/sha.js-2.4.11.tgz",
			"integrity": "sha1-N6XPC4HsvGlD3hCbopYNGyZYSuc=",
			"requires": {
				"inherits": "^2.0.1",
				"safe-buffer": "^5.0.1"
			}
		},
		"sliced": {
			"version": "1.0.1",
			"resolved": "http://registry.npm.taobao.org/sliced/download/sliced-1.0.1.tgz",
			"integrity": "sha1-CzpmK10Ewxd7GSa+qCsD+Dei70E="
		},
		"statuses": {
			"version": "1.3.1",
			"resolved": "https://registry.npmjs.org/statuses/-/statuses-1.3.1.tgz",
			"integrity": "sha1-+vUbnrdKrvOzrPStX2Gr8ky3uT4="
		},
		"string_decoder": {
			"version": "1.0.3",
			"resolved": "http://registry.npm.taobao.org/string_decoder/download/string_decoder-1.0.3.tgz",
			"integrity": "sha1-D8Z9fBQYJd6UKC3VNr7GubzoYKs=",
			"requires": {
				"safe-buffer": "~5.1.0"
			}
		},
		"strip-hex-prefix": {
			"version": "1.0.0",
			"resolved": "http://r.cnpmjs.org/strip-hex-prefix/download/strip-hex-prefix-1.0.0.tgz",
			"integrity": "sha1-DF8VX+8RUTczd96du1iNoFUA428=",
			"requires": {
				"is-hex-prefixed": "1.0.0"
			}
		},
		"tweetnacl": {
			"version": "0.13.2",
			"resolved": "http://r.cnpmjs.org/tweetnacl/download/tweetnacl-0.13.2.tgz",
			"integrity": "sha1-RTFhdwRp1FzSZsNkBOK8maj6mUQ="
		},
		"type-is": {
			"version": "1.6.14",
			"resolved": "https://registry.npmjs.org/type-is/-/type-is-1.6.14.tgz",
			"integrity": "sha1-4hljnBfe0coHiQkt1UoDgmuBfLI=",
			"requires": {
				"media-typer": "0.3.0",
				"mime-types": "~2.1.13"
			}
		},
		"unorm": {
			"version": "1.4.1",
			"resolved": "http://r.cnpmjs.org/unorm/download/unorm-1.4.1.tgz",
			"integrity": "sha1-NkIA1fE2RsqLzURJAnEzVhR5IwA="
		},
		"unpipe": {
			"version": "1.0.0",
			"resolved": "https://registry.npmjs.org/unpipe/-/unpipe-1.0.0.tgz",
			"integrity": "sha1-sr9O6FFKrmFltIF4KdIbLvSZBOw="
		},
		"utf8": {
			"version": "2.1.2",
			"resolved": "https://registry.npmjs.org/utf8/-/utf8-2.1.2.tgz",
			"integrity": "sha1-H6DZJw6b6FDZsFAn9jUZv0ZFfZY="
		},
		"util-deprecate": {
			"version": "1.0.2",
			"resolved": "http://registry.npm.taobao.org/util-deprecate/download/util-deprecate-1.0.2.tgz",
			"integrity": "sha1-RQ1Nyfpw3nMnYvvS1KKJgUGaDM8="
		},
		"utils-merge": {
			"version": "1.0.0",
			"resolved": "https://registry.npmjs.org/utils-merge/-/utils-merge-1.0.0.tgz",
			"integrity": "sha1-ApT7kiu5N1FTVBxPcJYjHyh8ivg="
		},
		"vary": {
			"version": "1.1.0",
			"resolved": "https://registry.npmjs.org/vary/-/vary-1.1.0.tgz",
			"integrity": "sha1-4eWv+70WrnaN0mdDlLmtMCJlMUA="
		},
		"web3": {
			"version": "0.16.0",
			"resolved": "https://registry.npmjs.org/web3/-/web3-0.16.0.tgz",
			"integrity": "sha1-pFVBdc1GKUMDWx8dOUMvdBxrYBk=",
			"requires": {
				"bignumber.js": "git+https://github.com/debris/bignumber.js.git#94d7146671b9719e00a09c29b01a691bc85048c2",
				"crypto-js": "^3.1.4",
				"utf8": "^2.1.1",
				"xmlhttprequest": "*"
			}
		},
		"xhr2": {
			"version": "0.1.4",
			"resolved": "http://r.cnpmjs.org/xhr2/download/xhr2-0.1.4.tgz",
			"integrity": "sha1-f4dliEdxbbUCYyOBL4GMras4el8="
		},
		"xmlhttprequest": {
			"version": "1.8.0",
			"resolved": "https://registry.npmjs.org/xmlhttprequest/-/xmlhttprequest-1.8.0.tgz",
			"integrity": "sha1-Z/4HXFwk/vOfnWX197f+dRcZaPw="
		}
	}
}
